// !$*UTF8*$!
{
	archiveVersion = 1;
	classes = {
	};
	objectVersion = 56;
	objects = {

/* Begin PBXBuildFile section */
		3ED7B99229EDB1F000C1E98C /* CoronaStatApp.swift in Sources */ = {isa = PBXBuildFile; fileRef = 3ED7B99129EDB1F000C1E98C /* CoronaStatApp.swift */; };
		3ED7B99429EDB1F000C1E98C /* CountryView.swift in Sources */ = {isa = PBXBuildFile; fileRef = 3ED7B99329EDB1F000C1E98C /* CountryView.swift */; };
		3ED7B99629EDB1F200C1E98C /* Assets.xcassets in Resources */ = {isa = PBXBuildFile; fileRef = 3ED7B99529EDB1F200C1E98C /* Assets.xcassets */; };
		3ED7B99929EDB1F200C1E98C /* Preview Assets.xcassets in Resources */ = {isa = PBXBuildFile; fileRef = 3ED7B99829EDB1F200C1E98C /* Preview Assets.xcassets */; };
		3ED7B9A329EDB1F300C1E98C /* CoronaStatTests.swift in Sources */ = {isa = PBXBuildFile; fileRef = 3ED7B9A229EDB1F300C1E98C /* CoronaStatTests.swift */; };
		3ED7B9AD29EDB1F300C1E98C /* CoronaStatUITests.swift in Sources */ = {isa = PBXBuildFile; fileRef = 3ED7B9AC29EDB1F300C1E98C /* CoronaStatUITests.swift */; };
		3ED7B9AF29EDB1F300C1E98C /* CoronaStatUITestsLaunchTests.swift in Sources */ = {isa = PBXBuildFile; fileRef = 3ED7B9AE29EDB1F300C1E98C /* CoronaStatUITestsLaunchTests.swift */; };
		3ED7B9C629EDBC4200C1E98C /* CountryViewModel.swift in Sources */ = {isa = PBXBuildFile; fileRef = 3ED7B9C529EDBC4200C1E98C /* CountryViewModel.swift */; };
		3ED7B9C829EDBD5E00C1E98C /* DetailResponseModel.swift in Sources */ = {isa = PBXBuildFile; fileRef = 3ED7B9C729EDBD5E00C1E98C /* DetailResponseModel.swift */; };
		3ED7B9CA29EDBD8200C1E98C /* CountryResponseModel.swift in Sources */ = {isa = PBXBuildFile; fileRef = 3ED7B9C929EDBD8200C1E98C /* CountryResponseModel.swift */; };
		3ED7B9CC29EDBEB500C1E98C /* DetailView.swift in Sources */ = {isa = PBXBuildFile; fileRef = 3ED7B9CB29EDBEB500C1E98C /* DetailView.swift */; };
		3ED7B9CF29EDC3F100C1E98C /* Constants.swift in Sources */ = {isa = PBXBuildFile; fileRef = 3ED7B9CE29EDC3F100C1E98C /* Constants.swift */; };
		3ED7B9D229EDC43F00C1E98C /* Color+Extension.swift in Sources */ = {isa = PBXBuildFile; fileRef = 3ED7B9D129EDC43F00C1E98C /* Color+Extension.swift */; };
		3ED7B9D529EDC6E600C1E98C /* NetworkService.swift in Sources */ = {isa = PBXBuildFile; fileRef = 3ED7B9D429EDC6E600C1E98C /* NetworkService.swift */; };
		3ED7B9D729EDC70F00C1E98C /* NetworkConfig.swift in Sources */ = {isa = PBXBuildFile; fileRef = 3ED7B9D629EDC70F00C1E98C /* NetworkConfig.swift */; };
		3ED7B9D929EDC72C00C1E98C /* NetworkError.swift in Sources */ = {isa = PBXBuildFile; fileRef = 3ED7B9D829EDC72C00C1E98C /* NetworkError.swift */; };
		3ED7B9DB29EDC74300C1E98C /* NeworkRequest.swift in Sources */ = {isa = PBXBuildFile; fileRef = 3ED7B9DA29EDC74300C1E98C /* NeworkRequest.swift */; };
		3ED7B9DD29EDC99A00C1E98C /* ListService.swift in Sources */ = {isa = PBXBuildFile; fileRef = 3ED7B9DC29EDC99A00C1E98C /* ListService.swift */; };
		3ED7B9E029EE56E800C1E98C /* DetailViewModel.swift in Sources */ = {isa = PBXBuildFile; fileRef = 3ED7B9DF29EE56E800C1E98C /* DetailViewModel.swift */; };
		3ED7B9E329EE57EF00C1E98C /* DetailService.swift in Sources */ = {isa = PBXBuildFile; fileRef = 3ED7B9E229EE57EF00C1E98C /* DetailService.swift */; };
		3ED7B9E629EE5D6600C1E98C /* DetailEntity.swift in Sources */ = {isa = PBXBuildFile; fileRef = 3ED7B9E529EE5D6600C1E98C /* DetailEntity.swift */; };
		3ED7B9E929EE5F7100C1E98C /* DetailMapper.swift in Sources */ = {isa = PBXBuildFile; fileRef = 3ED7B9E829EE5F7100C1E98C /* DetailMapper.swift */; };
		3ED7B9ED29EE6E2200C1E98C /* AlertHelper.swift in Sources */ = {isa = PBXBuildFile; fileRef = 3ED7B9EC29EE6E2200C1E98C /* AlertHelper.swift */; };
		3ED7B9F129EE9EFD00C1E98C /* CountriesMapper.swift in Sources */ = {isa = PBXBuildFile; fileRef = 3ED7B9F029EE9EFD00C1E98C /* CountriesMapper.swift */; };
		3ED7B9F329EE9F5900C1E98C /* CountriesEntity.swift in Sources */ = {isa = PBXBuildFile; fileRef = 3ED7B9F229EE9F5900C1E98C /* CountriesEntity.swift */; };
/* End PBXBuildFile section */

/* Begin PBXContainerItemProxy section */
		3ED7B99F29EDB1F300C1E98C /* PBXContainerItemProxy */ = {
			isa = PBXContainerItemProxy;
			containerPortal = 3ED7B98629EDB1F000C1E98C /* Project object */;
			proxyType = 1;
			remoteGlobalIDString = 3ED7B98D29EDB1F000C1E98C;
			remoteInfo = CoronaStat;
		};
		3ED7B9A929EDB1F300C1E98C /* PBXContainerItemProxy */ = {
			isa = PBXContainerItemProxy;
			containerPortal = 3ED7B98629EDB1F000C1E98C /* Project object */;
			proxyType = 1;
			remoteGlobalIDString = 3ED7B98D29EDB1F000C1E98C;
			remoteInfo = CoronaStat;
		};
/* End PBXContainerItemProxy section */

/* Begin PBXFileReference section */
		3ED7B98E29EDB1F000C1E98C /* CoronaStat.app */ = {isa = PBXFileReference; explicitFileType = wrapper.application; includeInIndex = 0; path = CoronaStat.app; sourceTree = BUILT_PRODUCTS_DIR; };
		3ED7B99129EDB1F000C1E98C /* CoronaStatApp.swift */ = {isa = PBXFileReference; lastKnownFileType = sourcecode.swift; path = CoronaStatApp.swift; sourceTree = "<group>"; };
		3ED7B99329EDB1F000C1E98C /* CountryView.swift */ = {isa = PBXFileReference; lastKnownFileType = sourcecode.swift; path = CountryView.swift; sourceTree = "<group>"; };
		3ED7B99529EDB1F200C1E98C /* Assets.xcassets */ = {isa = PBXFileReference; lastKnownFileType = folder.assetcatalog; path = Assets.xcassets; sourceTree = "<group>"; };
		3ED7B99829EDB1F200C1E98C /* Preview Assets.xcassets */ = {isa = PBXFileReference; lastKnownFileType = folder.assetcatalog; path = "Preview Assets.xcassets"; sourceTree = "<group>"; };
		3ED7B99E29EDB1F300C1E98C /* CoronaStatTests.xctest */ = {isa = PBXFileReference; explicitFileType = wrapper.cfbundle; includeInIndex = 0; path = CoronaStatTests.xctest; sourceTree = BUILT_PRODUCTS_DIR; };
		3ED7B9A229EDB1F300C1E98C /* CoronaStatTests.swift */ = {isa = PBXFileReference; lastKnownFileType = sourcecode.swift; path = CoronaStatTests.swift; sourceTree = "<group>"; };
		3ED7B9A829EDB1F300C1E98C /* CoronaStatUITests.xctest */ = {isa = PBXFileReference; explicitFileType = wrapper.cfbundle; includeInIndex = 0; path = CoronaStatUITests.xctest; sourceTree = BUILT_PRODUCTS_DIR; };
		3ED7B9AC29EDB1F300C1E98C /* CoronaStatUITests.swift */ = {isa = PBXFileReference; lastKnownFileType = sourcecode.swift; path = CoronaStatUITests.swift; sourceTree = "<group>"; };
		3ED7B9AE29EDB1F300C1E98C /* CoronaStatUITestsLaunchTests.swift */ = {isa = PBXFileReference; lastKnownFileType = sourcecode.swift; path = CoronaStatUITestsLaunchTests.swift; sourceTree = "<group>"; };
		3ED7B9C529EDBC4200C1E98C /* CountryViewModel.swift */ = {isa = PBXFileReference; lastKnownFileType = sourcecode.swift; path = CountryViewModel.swift; sourceTree = "<group>"; };
		3ED7B9C729EDBD5E00C1E98C /* DetailResponseModel.swift */ = {isa = PBXFileReference; lastKnownFileType = sourcecode.swift; path = DetailResponseModel.swift; sourceTree = "<group>"; };
		3ED7B9C929EDBD8200C1E98C /* CountryResponseModel.swift */ = {isa = PBXFileReference; lastKnownFileType = sourcecode.swift; path = CountryResponseModel.swift; sourceTree = "<group>"; };
		3ED7B9CB29EDBEB500C1E98C /* DetailView.swift */ = {isa = PBXFileReference; lastKnownFileType = sourcecode.swift; path = DetailView.swift; sourceTree = "<group>"; };
		3ED7B9CE29EDC3F100C1E98C /* Constants.swift */ = {isa = PBXFileReference; lastKnownFileType = sourcecode.swift; path = Constants.swift; sourceTree = "<group>"; };
		3ED7B9D129EDC43F00C1E98C /* Color+Extension.swift */ = {isa = PBXFileReference; lastKnownFileType = sourcecode.swift; path = "Color+Extension.swift"; sourceTree = "<group>"; };
		3ED7B9D429EDC6E600C1E98C /* NetworkService.swift */ = {isa = PBXFileReference; lastKnownFileType = sourcecode.swift; path = NetworkService.swift; sourceTree = "<group>"; };
		3ED7B9D629EDC70F00C1E98C /* NetworkConfig.swift */ = {isa = PBXFileReference; lastKnownFileType = sourcecode.swift; path = NetworkConfig.swift; sourceTree = "<group>"; };
		3ED7B9D829EDC72C00C1E98C /* NetworkError.swift */ = {isa = PBXFileReference; lastKnownFileType = sourcecode.swift; path = NetworkError.swift; sourceTree = "<group>"; };
		3ED7B9DA29EDC74300C1E98C /* NeworkRequest.swift */ = {isa = PBXFileReference; lastKnownFileType = sourcecode.swift; path = NeworkRequest.swift; sourceTree = "<group>"; };
		3ED7B9DC29EDC99A00C1E98C /* ListService.swift */ = {isa = PBXFileReference; lastKnownFileType = sourcecode.swift; path = ListService.swift; sourceTree = "<group>"; };
		3ED7B9DF29EE56E800C1E98C /* DetailViewModel.swift */ = {isa = PBXFileReference; lastKnownFileType = sourcecode.swift; path = DetailViewModel.swift; sourceTree = "<group>"; };
		3ED7B9E229EE57EF00C1E98C /* DetailService.swift */ = {isa = PBXFileReference; lastKnownFileType = sourcecode.swift; path = DetailService.swift; sourceTree = "<group>"; };
		3ED7B9E529EE5D6600C1E98C /* DetailEntity.swift */ = {isa = PBXFileReference; lastKnownFileType = sourcecode.swift; path = DetailEntity.swift; sourceTree = "<group>"; };
		3ED7B9E829EE5F7100C1E98C /* DetailMapper.swift */ = {isa = PBXFileReference; lastKnownFileType = sourcecode.swift; path = DetailMapper.swift; sourceTree = "<group>"; };
		3ED7B9EC29EE6E2200C1E98C /* AlertHelper.swift */ = {isa = PBXFileReference; lastKnownFileType = sourcecode.swift; path = AlertHelper.swift; sourceTree = "<group>"; };
		3ED7B9F029EE9EFD00C1E98C /* CountriesMapper.swift */ = {isa = PBXFileReference; lastKnownFileType = sourcecode.swift; path = CountriesMapper.swift; sourceTree = "<group>"; };
		3ED7B9F229EE9F5900C1E98C /* CountriesEntity.swift */ = {isa = PBXFileReference; lastKnownFileType = sourcecode.swift; path = CountriesEntity.swift; sourceTree = "<group>"; };
/* End PBXFileReference section */

/* Begin PBXFrameworksBuildPhase section */
		3ED7B98B29EDB1F000C1E98C /* Frameworks */ = {
			isa = PBXFrameworksBuildPhase;
			buildActionMask = 2147483647;
			files = (
			);
			runOnlyForDeploymentPostprocessing = 0;
		};
		3ED7B99B29EDB1F300C1E98C /* Frameworks */ = {
			isa = PBXFrameworksBuildPhase;
			buildActionMask = 2147483647;
			files = (
			);
			runOnlyForDeploymentPostprocessing = 0;
		};
		3ED7B9A529EDB1F300C1E98C /* Frameworks */ = {
			isa = PBXFrameworksBuildPhase;
			buildActionMask = 2147483647;
			files = (
			);
			runOnlyForDeploymentPostprocessing = 0;
		};
/* End PBXFrameworksBuildPhase section */

/* Begin PBXGroup section */
		3ED7B98529EDB1F000C1E98C = {
			isa = PBXGroup;
			children = (
				3ED7B99029EDB1F000C1E98C /* CoronaStat */,
				3ED7B9A129EDB1F300C1E98C /* CoronaStatTests */,
				3ED7B9AB29EDB1F300C1E98C /* CoronaStatUITests */,
				3ED7B98F29EDB1F000C1E98C /* Products */,
			);
			sourceTree = "<group>";
		};
		3ED7B98F29EDB1F000C1E98C /* Products */ = {
			isa = PBXGroup;
			children = (
				3ED7B98E29EDB1F000C1E98C /* CoronaStat.app */,
				3ED7B99E29EDB1F300C1E98C /* CoronaStatTests.xctest */,
				3ED7B9A829EDB1F300C1E98C /* CoronaStatUITests.xctest */,
			);
			name = Products;
			sourceTree = "<group>";
		};
		3ED7B99029EDB1F000C1E98C /* CoronaStat */ = {
			isa = PBXGroup;
			children = (
				3ED7B9C429EDB36200C1E98C /* Application */,
				3ED7B9BE29EDB28E00C1E98C /* Screens */,
				3ED7B9EE29EE994A00C1E98C /* Screenshots */,
				3ED7B9D329EDC44B00C1E98C /* Extensions */,
				3ED7B9D029EDC41900C1E98C /* Helper */,
				3ED7B9CD29EDC39800C1E98C /* Networking */,
				3ED7B99529EDB1F200C1E98C /* Assets.xcassets */,
				3ED7B99729EDB1F200C1E98C /* Preview Content */,
			);
			path = CoronaStat;
			sourceTree = "<group>";
		};
		3ED7B99729EDB1F200C1E98C /* Preview Content */ = {
			isa = PBXGroup;
			children = (
				3ED7B99829EDB1F200C1E98C /* Preview Assets.xcassets */,
			);
			path = "Preview Content";
			sourceTree = "<group>";
		};
		3ED7B9A129EDB1F300C1E98C /* CoronaStatTests */ = {
			isa = PBXGroup;
			children = (
				3ED7B9A229EDB1F300C1E98C /* CoronaStatTests.swift */,
			);
			path = CoronaStatTests;
			sourceTree = "<group>";
		};
		3ED7B9AB29EDB1F300C1E98C /* CoronaStatUITests */ = {
			isa = PBXGroup;
			children = (
				3ED7B9AC29EDB1F300C1E98C /* CoronaStatUITests.swift */,
				3ED7B9AE29EDB1F300C1E98C /* CoronaStatUITestsLaunchTests.swift */,
			);
			path = CoronaStatUITests;
			sourceTree = "<group>";
		};
		3ED7B9BB29EDB25600C1E98C /* Model */ = {
			isa = PBXGroup;
			children = (
				3ED7B9C929EDBD8200C1E98C /* CountryResponseModel.swift */,
			);
			path = Model;
			sourceTree = "<group>";
		};
		3ED7B9BC29EDB26600C1E98C /* View */ = {
			isa = PBXGroup;
			children = (
				3ED7B99329EDB1F000C1E98C /* CountryView.swift */,
			);
			path = View;
			sourceTree = "<group>";
		};
		3ED7B9BD29EDB27E00C1E98C /* ViewModel */ = {
			isa = PBXGroup;
			children = (
				3ED7B9C529EDBC4200C1E98C /* CountryViewModel.swift */,
			);
			path = ViewModel;
			sourceTree = "<group>";
		};
		3ED7B9BE29EDB28E00C1E98C /* Screens */ = {
			isa = PBXGroup;
			children = (
				3ED7B9BF29EDB2A700C1E98C /* CountryList */,
				3ED7B9C029EDB2D300C1E98C /* CountryDetail */,
			);
			path = Screens;
			sourceTree = "<group>";
		};
		3ED7B9BF29EDB2A700C1E98C /* CountryList */ = {
			isa = PBXGroup;
			children = (
				3ED7B9EF29EE9EE300C1E98C /* MapperModel */,
				3ED7B9BB29EDB25600C1E98C /* Model */,
				3ED7B9BC29EDB26600C1E98C /* View */,
				3ED7B9BD29EDB27E00C1E98C /* ViewModel */,
				3ED7B9DE29EDC9AB00C1E98C /* Service */,
			);
			path = CountryList;
			sourceTree = "<group>";
		};
		3ED7B9C029EDB2D300C1E98C /* CountryDetail */ = {
			isa = PBXGroup;
			children = (
				3ED7B9E729EE5F5D00C1E98C /* MapperModel */,
				3ED7B9E129EE57D000C1E98C /* Service */,
				3ED7B9C329EDB31500C1E98C /* Model */,
				3ED7B9C229EDB30900C1E98C /* ViewModel */,
				3ED7B9C129EDB30100C1E98C /* View */,
			);
			path = CountryDetail;
			sourceTree = "<group>";
		};
		3ED7B9C129EDB30100C1E98C /* View */ = {
			isa = PBXGroup;
			children = (
				3ED7B9CB29EDBEB500C1E98C /* DetailView.swift */,
			);
			path = View;
			sourceTree = "<group>";
		};
		3ED7B9C229EDB30900C1E98C /* ViewModel */ = {
			isa = PBXGroup;
			children = (
				3ED7B9DF29EE56E800C1E98C /* DetailViewModel.swift */,
			);
			path = ViewModel;
			sourceTree = "<group>";
		};
		3ED7B9C329EDB31500C1E98C /* Model */ = {
			isa = PBXGroup;
			children = (
				3ED7B9C729EDBD5E00C1E98C /* DetailResponseModel.swift */,
			);
			path = Model;
			sourceTree = "<group>";
		};
		3ED7B9C429EDB36200C1E98C /* Application */ = {
			isa = PBXGroup;
			children = (
				3ED7B99129EDB1F000C1E98C /* CoronaStatApp.swift */,
			);
			path = Application;
			sourceTree = "<group>";
		};
		3ED7B9CD29EDC39800C1E98C /* Networking */ = {
			isa = PBXGroup;
			children = (
				3ED7B9D429EDC6E600C1E98C /* NetworkService.swift */,
				3ED7B9D629EDC70F00C1E98C /* NetworkConfig.swift */,
				3ED7B9D829EDC72C00C1E98C /* NetworkError.swift */,
				3ED7B9DA29EDC74300C1E98C /* NeworkRequest.swift */,
			);
			path = Networking;
			sourceTree = "<group>";
		};
		3ED7B9D029EDC41900C1E98C /* Helper */ = {
			isa = PBXGroup;
			children = (
				3ED7B9CE29EDC3F100C1E98C /* Constants.swift */,
				3ED7B9EC29EE6E2200C1E98C /* AlertHelper.swift */,
			);
			path = Helper;
			sourceTree = "<group>";
		};
		3ED7B9D329EDC44B00C1E98C /* Extensions */ = {
			isa = PBXGroup;
			children = (
				3ED7B9D129EDC43F00C1E98C /* Color+Extension.swift */,
			);
			path = Extensions;
			sourceTree = "<group>";
		};
		3ED7B9DE29EDC9AB00C1E98C /* Service */ = {
			isa = PBXGroup;
			children = (
				3ED7B9DC29EDC99A00C1E98C /* ListService.swift */,
			);
			path = Service;
			sourceTree = "<group>";
		};
		3ED7B9E129EE57D000C1E98C /* Service */ = {
			isa = PBXGroup;
			children = (
				3ED7B9E229EE57EF00C1E98C /* DetailService.swift */,
			);
			path = Service;
			sourceTree = "<group>";
		};
		3ED7B9E729EE5F5D00C1E98C /* MapperModel */ = {
			isa = PBXGroup;
			children = (
				3ED7B9E829EE5F7100C1E98C /* DetailMapper.swift */,
				3ED7B9E529EE5D6600C1E98C /* DetailEntity.swift */,
			);
			path = MapperModel;
			sourceTree = "<group>";
		};
		3ED7B9EE29EE994A00C1E98C /* Screenshots */ = {
			isa = PBXGroup;
			children = (
			);
			path = Screenshots;
			sourceTree = "<group>";
		};
		3ED7B9EF29EE9EE300C1E98C /* MapperModel */ = {
			isa = PBXGroup;
			children = (
				3ED7B9F029EE9EFD00C1E98C /* CountriesMapper.swift */,
				3ED7B9F229EE9F5900C1E98C /* CountriesEntity.swift */,
			);
			path = MapperModel;
			sourceTree = "<group>";
		};
/* End PBXGroup section */

/* Begin PBXNativeTarget section */
		3ED7B98D29EDB1F000C1E98C /* CoronaStat */ = {
			isa = PBXNativeTarget;
			buildConfigurationList = 3ED7B9B229EDB1F300C1E98C /* Build configuration list for PBXNativeTarget "CoronaStat" */;
			buildPhases = (
				3ED7B98A29EDB1F000C1E98C /* Sources */,
				3ED7B98B29EDB1F000C1E98C /* Frameworks */,
				3ED7B98C29EDB1F000C1E98C /* Resources */,
			);
			buildRules = (
			);
			dependencies = (
			);
			name = CoronaStat;
			productName = CoronaStat;
			productReference = 3ED7B98E29EDB1F000C1E98C /* CoronaStat.app */;
			productType = "com.apple.product-type.application";
		};
		3ED7B99D29EDB1F300C1E98C /* CoronaStatTests */ = {
			isa = PBXNativeTarget;
			buildConfigurationList = 3ED7B9B529EDB1F300C1E98C /* Build configuration list for PBXNativeTarget "CoronaStatTests" */;
			buildPhases = (
				3ED7B99A29EDB1F300C1E98C /* Sources */,
				3ED7B99B29EDB1F300C1E98C /* Frameworks */,
				3ED7B99C29EDB1F300C1E98C /* Resources */,
			);
			buildRules = (
			);
			dependencies = (
				3ED7B9A029EDB1F300C1E98C /* PBXTargetDependency */,
			);
			name = CoronaStatTests;
			productName = CoronaStatTests;
			productReference = 3ED7B99E29EDB1F300C1E98C /* CoronaStatTests.xctest */;
			productType = "com.apple.product-type.bundle.unit-test";
		};
		3ED7B9A729EDB1F300C1E98C /* CoronaStatUITests */ = {
			isa = PBXNativeTarget;
			buildConfigurationList = 3ED7B9B829EDB1F300C1E98C /* Build configuration list for PBXNativeTarget "CoronaStatUITests" */;
			buildPhases = (
				3ED7B9A429EDB1F300C1E98C /* Sources */,
				3ED7B9A529EDB1F300C1E98C /* Frameworks */,
				3ED7B9A629EDB1F300C1E98C /* Resources */,
			);
			buildRules = (
			);
			dependencies = (
				3ED7B9AA29EDB1F300C1E98C /* PBXTargetDependency */,
			);
			name = CoronaStatUITests;
			productName = CoronaStatUITests;
			productReference = 3ED7B9A829EDB1F300C1E98C /* CoronaStatUITests.xctest */;
			productType = "com.apple.product-type.bundle.ui-testing";
		};
/* End PBXNativeTarget section */

/* Begin PBXProject section */
		3ED7B98629EDB1F000C1E98C /* Project object */ = {
			isa = PBXProject;
			attributes = {
				BuildIndependentTargetsInParallel = 1;
				LastSwiftUpdateCheck = 1420;
				LastUpgradeCheck = 1420;
				TargetAttributes = {
					3ED7B98D29EDB1F000C1E98C = {
						CreatedOnToolsVersion = 14.2;
					};
					3ED7B99D29EDB1F300C1E98C = {
						CreatedOnToolsVersion = 14.2;
						TestTargetID = 3ED7B98D29EDB1F000C1E98C;
					};
					3ED7B9A729EDB1F300C1E98C = {
						CreatedOnToolsVersion = 14.2;
						TestTargetID = 3ED7B98D29EDB1F000C1E98C;
					};
				};
			};
			buildConfigurationList = 3ED7B98929EDB1F000C1E98C /* Build configuration list for PBXProject "CoronaStat" */;
			compatibilityVersion = "Xcode 14.0";
			developmentRegion = en;
			hasScannedForEncodings = 0;
			knownRegions = (
				en,
				Base,
			);
			mainGroup = 3ED7B98529EDB1F000C1E98C;
			productRefGroup = 3ED7B98F29EDB1F000C1E98C /* Products */;
			projectDirPath = "";
			projectRoot = "";
			targets = (
				3ED7B98D29EDB1F000C1E98C /* CoronaStat */,
				3ED7B99D29EDB1F300C1E98C /* CoronaStatTests */,
				3ED7B9A729EDB1F300C1E98C /* CoronaStatUITests */,
			);
		};
/* End PBXProject section */

/* Begin PBXResourcesBuildPhase section */
		3ED7B98C29EDB1F000C1E98C /* Resources */ = {
			isa = PBXResourcesBuildPhase;
			buildActionMask = 2147483647;
			files = (
				3ED7B99929EDB1F200C1E98C /* Preview Assets.xcassets in Resources */,
				3ED7B99629EDB1F200C1E98C /* Assets.xcassets in Resources */,
			);
			runOnlyForDeploymentPostprocessing = 0;
		};
		3ED7B99C29EDB1F300C1E98C /* Resources */ = {
			isa = PBXResourcesBuildPhase;
			buildActionMask = 2147483647;
			files = (
			);
			runOnlyForDeploymentPostprocessing = 0;
		};
		3ED7B9A629EDB1F300C1E98C /* Resources */ = {
			isa = PBXResourcesBuildPhase;
			buildActionMask = 2147483647;
			files = (
			);
			runOnlyForDeploymentPostprocessing = 0;
		};
/* End PBXResourcesBuildPhase section */

/* Begin PBXSourcesBuildPhase section */
		3ED7B98A29EDB1F000C1E98C /* Sources */ = {
			isa = PBXSourcesBuildPhase;
			buildActionMask = 2147483647;
			files = (
				3ED7B9E329EE57EF00C1E98C /* DetailService.swift in Sources */,
				3ED7B9C829EDBD5E00C1E98C /* DetailResponseModel.swift in Sources */,
				3ED7B9CC29EDBEB500C1E98C /* DetailView.swift in Sources */,
				3ED7B9E929EE5F7100C1E98C /* DetailMapper.swift in Sources */,
				3ED7B9DD29EDC99A00C1E98C /* ListService.swift in Sources */,
				3ED7B9C629EDBC4200C1E98C /* CountryViewModel.swift in Sources */,
				3ED7B9ED29EE6E2200C1E98C /* AlertHelper.swift in Sources */,
				3ED7B99429EDB1F000C1E98C /* CountryView.swift in Sources */,
				3ED7B9D529EDC6E600C1E98C /* NetworkService.swift in Sources */,
				3ED7B9F329EE9F5900C1E98C /* CountriesEntity.swift in Sources */,
				3ED7B9DB29EDC74300C1E98C /* NeworkRequest.swift in Sources */,
				3ED7B9CF29EDC3F100C1E98C /* Constants.swift in Sources */,
				3ED7B9D729EDC70F00C1E98C /* NetworkConfig.swift in Sources */,
				3ED7B9E029EE56E800C1E98C /* DetailViewModel.swift in Sources */,
				3ED7B99229EDB1F000C1E98C /* CoronaStatApp.swift in Sources */,
				3ED7B9CA29EDBD8200C1E98C /* CountryResponseModel.swift in Sources */,
				3ED7B9E629EE5D6600C1E98C /* DetailEntity.swift in Sources */,
				3ED7B9D929EDC72C00C1E98C /* NetworkError.swift in Sources */,
				3ED7B9F129EE9EFD00C1E98C /* CountriesMapper.swift in Sources */,
				3ED7B9D229EDC43F00C1E98C /* Color+Extension.swift in Sources */,
			);
			runOnlyForDeploymentPostprocessing = 0;
		};
		3ED7B99A29EDB1F300C1E98C /* Sources */ = {
			isa = PBXSourcesBuildPhase;
			buildActionMask = 2147483647;
			files = (
				3ED7B9A329EDB1F300C1E98C /* CoronaStatTests.swift in Sources */,
			);
			runOnlyForDeploymentPostprocessing = 0;
		};
		3ED7B9A429EDB1F300C1E98C /* Sources */ = {
			isa = PBXSourcesBuildPhase;
			buildActionMask = 2147483647;
			files = (
				3ED7B9AF29EDB1F300C1E98C /* CoronaStatUITestsLaunchTests.swift in Sources */,
				3ED7B9AD29EDB1F300C1E98C /* CoronaStatUITests.swift in Sources */,
			);
			runOnlyForDeploymentPostprocessing = 0;
		};
/* End PBXSourcesBuildPhase section */

/* Begin PBXTargetDependency section */
		3ED7B9A029EDB1F300C1E98C /* PBXTargetDependency */ = {
			isa = PBXTargetDependency;
			target = 3ED7B98D29EDB1F000C1E98C /* CoronaStat */;
			targetProxy = 3ED7B99F29EDB1F300C1E98C /* PBXContainerItemProxy */;
		};
		3ED7B9AA29EDB1F300C1E98C /* PBXTargetDependency */ = {
			isa = PBXTargetDependency;
			target = 3ED7B98D29EDB1F000C1E98C /* CoronaStat */;
			targetProxy = 3ED7B9A929EDB1F300C1E98C /* PBXContainerItemProxy */;
		};
/* End PBXTargetDependency section */

/* Begin XCBuildConfiguration section */
		3ED7B9B029EDB1F300C1E98C /* Debug */ = {
			isa = XCBuildConfiguration;
			buildSettings = {
				ALWAYS_SEARCH_USER_PATHS = NO;
				CLANG_ANALYZER_NONNULL = YES;
				CLANG_ANALYZER_NUMBER_OBJECT_CONVERSION = YES_AGGRESSIVE;
				CLANG_CXX_LANGUAGE_STANDARD = "gnu++20";
				CLANG_ENABLE_MODULES = YES;
				CLANG_ENABLE_OBJC_ARC = YES;
				CLANG_ENABLE_OBJC_WEAK = YES;
				CLANG_WARN_BLOCK_CAPTURE_AUTORELEASING = YES;
				CLANG_WARN_BOOL_CONVERSION = YES;
				CLANG_WARN_COMMA = YES;
				CLANG_WARN_CONSTANT_CONVERSION = YES;
				CLANG_WARN_DEPRECATED_OBJC_IMPLEMENTATIONS = YES;
				CLANG_WARN_DIRECT_OBJC_ISA_USAGE = YES_ERROR;
				CLANG_WARN_DOCUMENTATION_COMMENTS = YES;
				CLANG_WARN_EMPTY_BODY = YES;
				CLANG_WARN_ENUM_CONVERSION = YES;
				CLANG_WARN_INFINITE_RECURSION = YES;
				CLANG_WARN_INT_CONVERSION = YES;
				CLANG_WARN_NON_LITERAL_NULL_CONVERSION = YES;
				CLANG_WARN_OBJC_IMPLICIT_RETAIN_SELF = YES;
				CLANG_WARN_OBJC_LITERAL_CONVERSION = YES;
				CLANG_WARN_OBJC_ROOT_CLASS = YES_ERROR;
				CLANG_WARN_QUOTED_INCLUDE_IN_FRAMEWORK_HEADER = YES;
				CLANG_WARN_RANGE_LOOP_ANALYSIS = YES;
				CLANG_WARN_STRICT_PROTOTYPES = YES;
				CLANG_WARN_SUSPICIOUS_MOVE = YES;
				CLANG_WARN_UNGUARDED_AVAILABILITY = YES_AGGRESSIVE;
				CLANG_WARN_UNREACHABLE_CODE = YES;
				CLANG_WARN__DUPLICATE_METHOD_MATCH = YES;
				COPY_PHASE_STRIP = NO;
				DEBUG_INFORMATION_FORMAT = dwarf;
				ENABLE_STRICT_OBJC_MSGSEND = YES;
				ENABLE_TESTABILITY = YES;
				GCC_C_LANGUAGE_STANDARD = gnu11;
				GCC_DYNAMIC_NO_PIC = NO;
				GCC_NO_COMMON_BLOCKS = YES;
				GCC_OPTIMIZATION_LEVEL = 0;
				GCC_PREPROCESSOR_DEFINITIONS = (
					"DEBUG=1",
					"$(inherited)",
				);
				GCC_WARN_64_TO_32_BIT_CONVERSION = YES;
				GCC_WARN_ABOUT_RETURN_TYPE = YES_ERROR;
				GCC_WARN_UNDECLARED_SELECTOR = YES;
				GCC_WARN_UNINITIALIZED_AUTOS = YES_AGGRESSIVE;
				GCC_WARN_UNUSED_FUNCTION = YES;
				GCC_WARN_UNUSED_VARIABLE = YES;
				IPHONEOS_DEPLOYMENT_TARGET = 16.2;
				MTL_ENABLE_DEBUG_INFO = INCLUDE_SOURCE;
				MTL_FAST_MATH = YES;
				ONLY_ACTIVE_ARCH = YES;
				SDKROOT = iphoneos;
				SWIFT_ACTIVE_COMPILATION_CONDITIONS = DEBUG;
				SWIFT_OPTIMIZATION_LEVEL = "-Onone";
			};
			name = Debug;
		};
		3ED7B9B129EDB1F300C1E98C /* Release */ = {
			isa = XCBuildConfiguration;
			buildSettings = {
				ALWAYS_SEARCH_USER_PATHS = NO;
				CLANG_ANALYZER_NONNULL = YES;
				CLANG_ANALYZER_NUMBER_OBJECT_CONVERSION = YES_AGGRESSIVE;
				CLANG_CXX_LANGUAGE_STANDARD = "gnu++20";
				CLANG_ENABLE_MODULES = YES;
				CLANG_ENABLE_OBJC_ARC = YES;
				CLANG_ENABLE_OBJC_WEAK = YES;
				CLANG_WARN_BLOCK_CAPTURE_AUTORELEASING = YES;
				CLANG_WARN_BOOL_CONVERSION = YES;
				CLANG_WARN_COMMA = YES;
				CLANG_WARN_CONSTANT_CONVERSION = YES;
				CLANG_WARN_DEPRECATED_OBJC_IMPLEMENTATIONS = YES;
				CLANG_WARN_DIRECT_OBJC_ISA_USAGE = YES_ERROR;
				CLANG_WARN_DOCUMENTATION_COMMENTS = YES;
				CLANG_WARN_EMPTY_BODY = YES;
				CLANG_WARN_ENUM_CONVERSION = YES;
				CLANG_WARN_INFINITE_RECURSION = YES;
				CLANG_WARN_INT_CONVERSION = YES;
				CLANG_WARN_NON_LITERAL_NULL_CONVERSION = YES;
				CLANG_WARN_OBJC_IMPLICIT_RETAIN_SELF = YES;
				CLANG_WARN_OBJC_LITERAL_CONVERSION = YES;
				CLANG_WARN_OBJC_ROOT_CLASS = YES_ERROR;
				CLANG_WARN_QUOTED_INCLUDE_IN_FRAMEWORK_HEADER = YES;
				CLANG_WARN_RANGE_LOOP_ANALYSIS = YES;
				CLANG_WARN_STRICT_PROTOTYPES = YES;
				CLANG_WARN_SUSPICIOUS_MOVE = YES;
				CLANG_WARN_UNGUARDED_AVAILABILITY = YES_AGGRESSIVE;
				CLANG_WARN_UNREACHABLE_CODE = YES;
				CLANG_WARN__DUPLICATE_METHOD_MATCH = YES;
				COPY_PHASE_STRIP = NO;
				DEBUG_INFORMATION_FORMAT = "dwarf-with-dsym";
				ENABLE_NS_ASSERTIONS = NO;
				ENABLE_STRICT_OBJC_MSGSEND = YES;
				GCC_C_LANGUAGE_STANDARD = gnu11;
				GCC_NO_COMMON_BLOCKS = YES;
				GCC_WARN_64_TO_32_BIT_CONVERSION = YES;
				GCC_WARN_ABOUT_RETURN_TYPE = YES_ERROR;
				GCC_WARN_UNDECLARED_SELECTOR = YES;
				GCC_WARN_UNINITIALIZED_AUTOS = YES_AGGRESSIVE;
				GCC_WARN_UNUSED_FUNCTION = YES;
				GCC_WARN_UNUSED_VARIABLE = YES;
				IPHONEOS_DEPLOYMENT_TARGET = 16.2;
				MTL_ENABLE_DEBUG_INFO = NO;
				MTL_FAST_MATH = YES;
				SDKROOT = iphoneos;
				SWIFT_COMPILATION_MODE = wholemodule;
				SWIFT_OPTIMIZATION_LEVEL = "-O";
				VALIDATE_PRODUCT = YES;
			};
			name = Release;
		};
		3ED7B9B329EDB1F300C1E98C /* Debug */ = {
			isa = XCBuildConfiguration;
			buildSettings = {
				ASSETCATALOG_COMPILER_APPICON_NAME = AppIcon;
				ASSETCATALOG_COMPILER_GLOBAL_ACCENT_COLOR_NAME = AccentColor;
				CODE_SIGN_STYLE = Automatic;
				CURRENT_PROJECT_VERSION = 1;
				DEVELOPMENT_ASSET_PATHS = "\"CoronaStat/Preview Content\"";
				ENABLE_PREVIEWS = YES;
				GENERATE_INFOPLIST_FILE = YES;
				INFOPLIST_KEY_UIApplicationSceneManifest_Generation = YES;
				INFOPLIST_KEY_UIApplicationSupportsIndirectInputEvents = YES;
				INFOPLIST_KEY_UILaunchScreen_Generation = YES;
				INFOPLIST_KEY_UISupportedInterfaceOrientations_iPad = "UIInterfaceOrientationPortrait UIInterfaceOrientationPortraitUpsideDown UIInterfaceOrientationLandscapeLeft UIInterfaceOrientationLandscapeRight";
				INFOPLIST_KEY_UISupportedInterfaceOrientations_iPhone = "UIInterfaceOrientationPortrait UIInterfaceOrientationLandscapeLeft UIInterfaceOrientationLandscapeRight";
				LD_RUNPATH_SEARCH_PATHS = (
					"$(inherited)",
					"@executable_path/Frameworks",
				);
				MARKETING_VERSION = 1.0;
				PRODUCT_BUNDLE_IDENTIFIER = Sapient.CoronaStat;
				PRODUCT_NAME = "$(TARGET_NAME)";
				SWIFT_EMIT_LOC_STRINGS = YES;
				SWIFT_VERSION = 5.0;
				TARGETED_DEVICE_FAMILY = "1,2";
			};
			name = Debug;
		};
		3ED7B9B429EDB1F300C1E98C /* Release */ = {
			isa = XCBuildConfiguration;
			buildSettings = {
				ASSETCATALOG_COMPILER_APPICON_NAME = AppIcon;
				ASSETCATALOG_COMPILER_GLOBAL_ACCENT_COLOR_NAME = AccentColor;
				CODE_SIGN_STYLE = Automatic;
				CURRENT_PROJECT_VERSION = 1;
				DEVELOPMENT_ASSET_PATHS = "\"CoronaStat/Preview Content\"";
				ENABLE_PREVIEWS = YES;
				GENERATE_INFOPLIST_FILE = YES;
				INFOPLIST_KEY_UIApplicationSceneManifest_Generation = YES;
				INFOPLIST_KEY_UIApplicationSupportsIndirectInputEvents = YES;
				INFOPLIST_KEY_UILaunchScreen_Generation = YES;
				INFOPLIST_KEY_UISupportedInterfaceOrientations_iPad = "UIInterfaceOrientationPortrait UIInterfaceOrientationPortraitUpsideDown UIInterfaceOrientationLandscapeLeft UIInterfaceOrientationLandscapeRight";
				INFOPLIST_KEY_UISupportedInterfaceOrientations_iPhone = "UIInterfaceOrientationPortrait UIInterfaceOrientationLandscapeLeft UIInterfaceOrientationLandscapeRight";
				LD_RUNPATH_SEARCH_PATHS = (
					"$(inherited)",
					"@executable_path/Frameworks",
				);
				MARKETING_VERSION = 1.0;
				PRODUCT_BUNDLE_IDENTIFIER = Sapient.CoronaStat;
				PRODUCT_NAME = "$(TARGET_NAME)";
				SWIFT_EMIT_LOC_STRINGS = YES;
				SWIFT_VERSION = 5.0;
				TARGETED_DEVICE_FAMILY = "1,2";
			};
			name = Release;
		};
		3ED7B9B629EDB1F300C1E98C /* Debug */ = {
			isa = XCBuildConfiguration;
			buildSettings = {
				ALWAYS_EMBED_SWIFT_STANDARD_LIBRARIES = YES;
				BUNDLE_LOADER = "$(TEST_HOST)";
				CODE_SIGN_STYLE = Automatic;
				CURRENT_PROJECT_VERSION = 1;
				GENERATE_INFOPLIST_FILE = YES;
				IPHONEOS_DEPLOYMENT_TARGET = 16.2;
				MARKETING_VERSION = 1.0;
				PRODUCT_BUNDLE_IDENTIFIER = Sapient.CoronaStatTests;
				PRODUCT_NAME = "$(TARGET_NAME)";
				SWIFT_EMIT_LOC_STRINGS = NO;
				SWIFT_VERSION = 5.0;
				TARGETED_DEVICE_FAMILY = "1,2";
				TEST_HOST = "$(BUILT_PRODUCTS_DIR)/CoronaStat.app/$(BUNDLE_EXECUTABLE_FOLDER_PATH)/CoronaStat";
			};
			name = Debug;
		};
		3ED7B9B729EDB1F300C1E98C /* Release */ = {
			isa = XCBuildConfiguration;
			buildSettings = {
				ALWAYS_EMBED_SWIFT_STANDARD_LIBRARIES = YES;
				BUNDLE_LOADER = "$(TEST_HOST)";
				CODE_SIGN_STYLE = Automatic;
				CURRENT_PROJECT_VERSION = 1;
				GENERATE_INFOPLIST_FILE = YES;
				IPHONEOS_DEPLOYMENT_TARGET = 16.2;
				MARKETING_VERSION = 1.0;
				PRODUCT_BUNDLE_IDENTIFIER = Sapient.CoronaStatTests;
				PRODUCT_NAME = "$(TARGET_NAME)";
				SWIFT_EMIT_LOC_STRINGS = NO;
				SWIFT_VERSION = 5.0;
				TARGETED_DEVICE_FAMILY = "1,2";
				TEST_HOST = "$(BUILT_PRODUCTS_DIR)/CoronaStat.app/$(BUNDLE_EXECUTABLE_FOLDER_PATH)/CoronaStat";
			};
			name = Release;
		};
		3ED7B9B929EDB1F300C1E98C /* Debug */ = {
			isa = XCBuildConfiguration;
			buildSettings = {
				ALWAYS_EMBED_SWIFT_STANDARD_LIBRARIES = YES;
				CODE_SIGN_STYLE = Automatic;
				CURRENT_PROJECT_VERSION = 1;
				GENERATE_INFOPLIST_FILE = YES;
				MARKETING_VERSION = 1.0;
				PRODUCT_BUNDLE_IDENTIFIER = Sapient.CoronaStatUITests;
				PRODUCT_NAME = "$(TARGET_NAME)";
				SWIFT_EMIT_LOC_STRINGS = NO;
				SWIFT_VERSION = 5.0;
				TARGETED_DEVICE_FAMILY = "1,2";
				TEST_TARGET_NAME = CoronaStat;
			};
			name = Debug;
		};
		3ED7B9BA29EDB1F300C1E98C /* Release */ = {
			isa = XCBuildConfiguration;
			buildSettings = {
				ALWAYS_EMBED_SWIFT_STANDARD_LIBRARIES = YES;
				CODE_SIGN_STYLE = Automatic;
				CURRENT_PROJECT_VERSION = 1;
				GENERATE_INFOPLIST_FILE = YES;
				MARKETING_VERSION = 1.0;
				PRODUCT_BUNDLE_IDENTIFIER = Sapient.CoronaStatUITests;
				PRODUCT_NAME = "$(TARGET_NAME)";
				SWIFT_EMIT_LOC_STRINGS = NO;
				SWIFT_VERSION = 5.0;
				TARGETED_DEVICE_FAMILY = "1,2";
				TEST_TARGET_NAME = CoronaStat;
			};
			name = Release;
		};
/* End XCBuildConfiguration section */

/* Begin XCConfigurationList section */
		3ED7B98929EDB1F000C1E98C /* Build configuration list for PBXProject "CoronaStat" */ = {
			isa = XCConfigurationList;
			buildConfigurations = (
				3ED7B9B029EDB1F300C1E98C /* Debug */,
				3ED7B9B129EDB1F300C1E98C /* Release */,
			);
			defaultConfigurationIsVisible = 0;
			defaultConfigurationName = Release;
		};
		3ED7B9B229EDB1F300C1E98C /* Build configuration list for PBXNativeTarget "CoronaStat" */ = {
			isa = XCConfigurationList;
			buildConfigurations = (
				3ED7B9B329EDB1F300C1E98C /* Debug */,
				3ED7B9B429EDB1F300C1E98C /* Release */,
			);
			defaultConfigurationIsVisible = 0;
			defaultConfigurationName = Release;
		};
		3ED7B9B529EDB1F300C1E98C /* Build configuration list for PBXNativeTarget "CoronaStatTests" */ = {
			isa = XCConfigurationList;
			buildConfigurations = (
				3ED7B9B629EDB1F300C1E98C /* Debug */,
				3ED7B9B729EDB1F300C1E98C /* Release */,
			);
			defaultConfigurationIsVisible = 0;
			defaultConfigurationName = Release;
		};
		3ED7B9B829EDB1F300C1E98C /* Build configuration list for PBXNativeTarget "CoronaStatUITests" */ = {
			isa = XCConfigurationList;
			buildConfigurations = (
				3ED7B9B929EDB1F300C1E98C /* Debug */,
				3ED7B9BA29EDB1F300C1E98C /* Release */,
			);
			defaultConfigurationIsVisible = 0;
			defaultConfigurationName = Release;
		};
/* End XCConfigurationList section */
	};
	rootObject = 3ED7B98629EDB1F000C1E98C /* Project object */;
}
